
Microsoft Visual Studio Solution File, Format Version 12.00
# Visual Studio Version 16
VisualStudioVersion = 16.0.31702.278
MinimumVisualStudioVersion = 10.0.40219.1
Project("{FAE04EC0-301F-11D3-BF4B-00C04F79EFBC}") = "Cache", "Cache\Cache.csproj", "{1E9452FD-B3C9-43A0-BB41-B692E9F4D9E0}"
EndProject
Global
	GlobalSection(SolutionConfigurationPlatforms) = preSolution
		Debug|Any CPU = Debug|Any CPU
		Release|Any CPU = Release|Any CPU
	EndGlobalSection
	GlobalSection(ProjectConfigurationPlatforms) = postSolution
		{1E9452FD-B3C9-43A0-BB41-B692E9F4D9E0}.Debug|Any CPU.ActiveCfg = Debug|Any CPU
		{1E9452FD-B3C9-43A0-BB41-B692E9F4D9E0}.Debug|Any CPU.Build.0 = Debug|Any CPU
		{1E9452FD-B3C9-43A0-BB41-B692E9F4D9E0}.Release|Any CPU.ActiveCfg = Release|Any CPU
		{1E9452FD-B3C9-43A0-BB41-B692E9F4D9E0}.Release|Any CPU.Build.0 = Release|Any CPU
	EndGlobalSection
	GlobalSection(SolutionProperties) = preSolution
		HideSolutionNode = FALSE
	EndGlobalSection
	GlobalSection(ExtensibilityGlobals) = postSolution
		SolutionGuid = {01F9B8CC-2788-4ABF-B6E2-D0EB683ADC2A}
	EndGlobalSection
EndGlobal
